<?xml version="1.0" encoding="utf-8"?>
<Project ToolsVersion="4.0" xmlns="http://schemas.microsoft.com/developer/msbuild/2003">
  <ItemGroup>
    <Filter Include="Source Files">
      <UniqueIdentifier>{1fb8ddca-b12c-4b4f-95a6-f2ba494713ce}</UniqueIdentifier>
    </Filter>
    <Filter Include="Link Libraries">
      <UniqueIdentifier>{5156c015-818d-44c0-8867-fa98c8e1d647}</UniqueIdentifier>
    </Filter>
    <Filter Include="Header Files">
      <UniqueIdentifier>{4375d38e-7216-48db-b5fa-5a4d04ccacd8}</UniqueIdentifier>
    </Filter>
  </ItemGroup>
  <ItemGroup>
    <ClCompile Include="..\common\cmdlib.cpp">
      <Filter>Source Files</Filter>
    </ClCompile>
    <ClCompile Include="..\..\public\filesystem_helpers.cpp">
      <Filter>Source Files</Filter>
    </ClCompile>
    <ClCompile Include="..\..\public\filesystem_init.cpp">
      <Filter>Source Files</Filter>
    </ClCompile>
    <ClCompile Include="..\common\filesystem_tools.cpp">
      <Filter>Source Files</Filter>
    </ClCompile>
    <ClCompile Include="..\..\public\tier0\memoverride.cpp">
      <Filter>Source Files</Filter>
    </ClCompile>
    <ClCompile Include="motionmapper.cpp">
      <Filter>Source Files</Filter>
    </ClCompile>
    <ClCompile Include="..\common\scriplib.cpp">
      <Filter>Source Files</Filter>
    </ClCompile>
  </ItemGroup>
  <ItemGroup>
    <Library Include="..\..\lib\public\mathlib.lib">
      <Filter>Link Libraries</Filter>
    </Library>
    <Library Include="..\..\lib\public\nvtristrip.lib">
      <Filter>Link Libraries</Filter>
    </Library>
    <Library Include="..\..\lib\public\tier0.lib">
      <Filter>Link Libraries</Filter>
    </Library>
    <Library Include="..\..\lib\public\tier1.lib">
      <Filter>Link Libraries</Filter>
    </Library>
    <Library Include="..\..\lib\public\tier2.lib">
      <Filter>Link Libraries</Filter>
    </Library>
    <Library Include="..\..\lib\public\vstdlib.lib">
      <Filter>Link Libraries</Filter>
    </Library>
  </ItemGroup>
  <ItemGroup>
    <ClInclude Include="..\..\public\mathlib\amd3dx.h">
      <Filter>Header Files</Filter>
    </ClInclude>
    <ClInclude Include="..\..\public\tier0\basetypes.h">
      <Filter>Header Files</Filter>
    </ClInclude>
    <ClInclude Include="..\..\public\tier1\characterset.h">
      <Filter>Header Files</Filter>
    </ClInclude>
    <ClInclude Include="..\common\cmdlib.h">
      <Filter>Header Files</Filter>
    </ClInclude>
    <ClInclude Include="..\..\public\Color.h">
      <Filter>Header Files</Filter>
    </ClInclude>
    <ClInclude Include="..\..\public\commonmacros.h">
      <Filter>Header Files</Filter>
    </ClInclude>
    <ClInclude Include="..\..\public\mathlib\compressed_vector.h">
      <Filter>Header Files</Filter>
    </ClInclude>
    <ClInclude Include="..\..\public\tier0\dbg.h">
      <Filter>Header Files</Filter>
    </ClInclude>
    <ClInclude Include="..\..\public\tier0\fasttimer.h">
      <Filter>Header Files</Filter>
    </ClInclude>
    <ClInclude Include="..\..\public\filesystem.h">
      <Filter>Header Files</Filter>
    </ClInclude>
    <ClInclude Include="..\..\public\filesystem_helpers.h">
      <Filter>Header Files</Filter>
    </ClInclude>
    <ClInclude Include="..\common\filesystem_tools.h">
      <Filter>Header Files</Filter>
    </ClInclude>
    <ClInclude Include="..\..\public\appframework\IAppSystem.h">
      <Filter>Header Files</Filter>
    </ClInclude>
    <ClInclude Include="..\..\public\vstdlib\ICommandLine.h">
      <Filter>Header Files</Filter>
    </ClInclude>
    <ClInclude Include="..\..\public\vstdlib\IKeyValuesSystem.h">
      <Filter>Header Files</Filter>
    </ClInclude>
    <ClInclude Include="..\..\public\tier1\interface.h">
      <Filter>Header Files</Filter>
    </ClInclude>
    <ClInclude Include="..\..\public\tier1\KeyValues.h">
      <Filter>Header Files</Filter>
    </ClInclude>
    <ClInclude Include="..\..\public\mathlib\mathlib.h">
      <Filter>Header Files</Filter>
    </ClInclude>
    <ClInclude Include="..\..\public\tier0\mem.h">
      <Filter>Header Files</Filter>
    </ClInclude>
    <ClInclude Include="..\..\public\tier0\memalloc.h">
      <Filter>Header Files</Filter>
    </ClInclude>
    <ClInclude Include="..\..\public\tier0\memdbgoff.h">
      <Filter>Header Files</Filter>
    </ClInclude>
    <ClInclude Include="..\..\public\tier0\memdbgon.h">
      <Filter>Header Files</Filter>
    </ClInclude>
    <ClInclude Include="motionmapper.h">
      <Filter>Header Files</Filter>
    </ClInclude>
    <ClInclude Include="..\..\public\tier0\platform.h">
      <Filter>Header Files</Filter>
    </ClInclude>
    <ClInclude Include="..\..\public\protected_things.h">
      <Filter>Header Files</Filter>
    </ClInclude>
    <ClInclude Include="..\common\scriplib.h">
      <Filter>Header Files</Filter>
    </ClInclude>
    <ClInclude Include="..\..\public\string_t.h">
      <Filter>Header Files</Filter>
    </ClInclude>
    <ClInclude Include="..\..\public\vstdlib\strtools.h">
      <Filter>Header Files</Filter>
    </ClInclude>
    <ClInclude Include="..\..\public\studio.h">
      <Filter>Header Files</Filter>
    </ClInclude>
    <ClInclude Include="..\..\public\tier1\utlbuffer.h">
      <Filter>Header Files</Filter>
    </ClInclude>
    <ClInclude Include="..\..\public\tier1\utldict.h">
      <Filter>Header Files</Filter>
    </ClInclude>
    <ClInclude Include="..\..\public\tier1\utllinkedlist.h">
      <Filter>Header Files</Filter>
    </ClInclude>
    <ClInclude Include="..\..\public\tier1\utlmemory.h">
      <Filter>Header Files</Filter>
    </ClInclude>
    <ClInclude Include="..\..\public\tier1\utlrbtree.h">
      <Filter>Header Files</Filter>
    </ClInclude>
    <ClInclude Include="..\..\public\tier1\utlsymbol.h">
      <Filter>Header Files</Filter>
    </ClInclude>
    <ClInclude Include="..\..\public\tier1\utlvector.h">
      <Filter>Header Files</Filter>
    </ClInclude>
    <ClInclude Include="..\..\public\mathlib\vector.h">
      <Filter>Header Files</Filter>
    </ClInclude>
    <ClInclude Include="..\..\public\mathlib\vector2d.h">
      <Filter>Header Files</Filter>
    </ClInclude>
    <ClInclude Include="..\..\public\mathlib\vector4d.h">
      <Filter>Header Files</Filter>
    </ClInclude>
    <ClInclude Include="..\..\public\vstdlib\vstdlib.h">
      <Filter>Header Files</Filter>
    </ClInclude>
  </ItemGroup>
</Project>