<?xml version="1.0" encoding="utf-8"?>
<Project ToolsVersion="4.0" xmlns="http://schemas.microsoft.com/developer/msbuild/2003">
  <ItemGroup>
    <Filter Include="Source Files">
      <UniqueIdentifier>{215be853-40f9-45a1-a1ee-3c25f5f70f41}</UniqueIdentifier>
    </Filter>
    <Filter Include="Link Libraries">
      <UniqueIdentifier>{299f3633-928a-40f1-9480-3514a45d0cd5}</UniqueIdentifier>
    </Filter>
    <Filter Include="Header Files">
      <UniqueIdentifier>{30c53d49-4c03-41a4-a770-927219f4014a}</UniqueIdentifier>
    </Filter>
  </ItemGroup>
  <ItemGroup>
    <ClCompile Include="..\common\bsplib.cpp">
      <Filter>Source Files</Filter>
    </ClCompile>
    <ClCompile Include="..\common\cmdlib.cpp">
      <Filter>Source Files</Filter>
    </ClCompile>
    <ClCompile Include="..\..\public\collisionutils.cpp">
      <Filter>Source Files</Filter>
    </ClCompile>
    <ClCompile Include="..\..\public\filesystem_helpers.cpp">
      <Filter>Source Files</Filter>
    </ClCompile>
    <ClCompile Include="flow.cpp">
      <Filter>Source Files</Filter>
    </ClCompile>
    <ClCompile Include="..\..\public\loadcmdline.cpp">
      <Filter>Source Files</Filter>
    </ClCompile>
    <ClCompile Include="..\..\public\lumpfiles.cpp">
      <Filter>Source Files</Filter>
    </ClCompile>
    <ClCompile Include="..\common\mpi_stats.cpp">
      <Filter>Source Files</Filter>
    </ClCompile>
    <ClCompile Include="mpivis.cpp">
      <Filter>Source Files</Filter>
    </ClCompile>
    <ClCompile Include="..\common\MySqlDatabase.cpp">
      <Filter>Source Files</Filter>
    </ClCompile>
    <ClCompile Include="..\common\pacifier.cpp">
      <Filter>Source Files</Filter>
    </ClCompile>
    <ClCompile Include="..\..\public\scratchpad3d.cpp">
      <Filter>Source Files</Filter>
    </ClCompile>
    <ClCompile Include="..\common\scratchpad_helpers.cpp">
      <Filter>Source Files</Filter>
    </ClCompile>
    <ClCompile Include="..\common\scriplib.cpp">
      <Filter>Source Files</Filter>
    </ClCompile>
    <ClCompile Include="..\common\threads.cpp">
      <Filter>Source Files</Filter>
    </ClCompile>
    <ClCompile Include="..\common\tools_minidump.cpp">
      <Filter>Source Files</Filter>
    </ClCompile>
    <ClCompile Include="..\common\vmpi_tools_shared.cpp">
      <Filter>Source Files</Filter>
    </ClCompile>
    <ClCompile Include="vvis.cpp">
      <Filter>Source Files</Filter>
    </ClCompile>
    <ClCompile Include="WaterDist.cpp">
      <Filter>Source Files</Filter>
    </ClCompile>
    <ClCompile Include="..\..\public\zip_utils.cpp">
      <Filter>Source Files</Filter>
    </ClCompile>
  </ItemGroup>
  <ItemGroup>
    <ClInclude Include="..\common\tools_minidump.h">
      <Filter>Source Files</Filter>
    </ClInclude>
    <ClInclude Include="..\..\public\mathlib\amd3dx.h">
      <Filter>Header Files</Filter>
    </ClInclude>
    <ClInclude Include="..\..\public\tier0\basetypes.h">
      <Filter>Header Files</Filter>
    </ClInclude>
    <ClInclude Include="..\..\public\bspfile.h">
      <Filter>Header Files</Filter>
    </ClInclude>
    <ClInclude Include="..\..\public\bspflags.h">
      <Filter>Header Files</Filter>
    </ClInclude>
    <ClInclude Include="..\common\bsplib.h">
      <Filter>Header Files</Filter>
    </ClInclude>
    <ClInclude Include="..\..\public\bsptreedata.h">
      <Filter>Header Files</Filter>
    </ClInclude>
    <ClInclude Include="..\..\public\mathlib\bumpvects.h">
      <Filter>Header Files</Filter>
    </ClInclude>
    <ClInclude Include="..\..\public\tier1\byteswap.h">
      <Filter>Header Files</Filter>
    </ClInclude>
    <ClInclude Include="..\..\public\tier1\checksum_crc.h">
      <Filter>Header Files</Filter>
    </ClInclude>
    <ClInclude Include="..\..\public\tier1\checksum_md5.h">
      <Filter>Header Files</Filter>
    </ClInclude>
    <ClInclude Include="..\common\cmdlib.h">
      <Filter>Header Files</Filter>
    </ClInclude>
    <ClInclude Include="..\..\public\cmodel.h">
      <Filter>Header Files</Filter>
    </ClInclude>
    <ClInclude Include="..\..\public\commonmacros.h">
      <Filter>Header Files</Filter>
    </ClInclude>
    <ClInclude Include="..\..\public\gamebspfile.h">
      <Filter>Header Files</Filter>
    </ClInclude>
    <ClInclude Include="..\common\ISQLDBReplyTarget.h">
      <Filter>Header Files</Filter>
    </ClInclude>
    <ClInclude Include="..\common\ivvisdll.h">
      <Filter>Header Files</Filter>
    </ClInclude>
    <ClInclude Include="..\..\public\mathlib\mathlib.h">
      <Filter>Header Files</Filter>
    </ClInclude>
    <ClInclude Include="mpivis.h">
      <Filter>Header Files</Filter>
    </ClInclude>
    <ClInclude Include="..\common\MySqlDatabase.h">
      <Filter>Header Files</Filter>
    </ClInclude>
    <ClInclude Include="..\common\pacifier.h">
      <Filter>Header Files</Filter>
    </ClInclude>
    <ClInclude Include="..\common\scriplib.h">
      <Filter>Header Files</Filter>
    </ClInclude>
    <ClInclude Include="..\..\public\vstdlib\strtools.h">
      <Filter>Header Files</Filter>
    </ClInclude>
    <ClInclude Include="..\common\threads.h">
      <Filter>Header Files</Filter>
    </ClInclude>
    <ClInclude Include="..\..\public\tier1\utlbuffer.h">
      <Filter>Header Files</Filter>
    </ClInclude>
    <ClInclude Include="..\..\public\tier1\utllinkedlist.h">
      <Filter>Header Files</Filter>
    </ClInclude>
    <ClInclude Include="..\..\public\tier1\utlmemory.h">
      <Filter>Header Files</Filter>
    </ClInclude>
    <ClInclude Include="..\..\public\tier1\utlrbtree.h">
      <Filter>Header Files</Filter>
    </ClInclude>
    <ClInclude Include="..\..\public\tier1\utlsymbol.h">
      <Filter>Header Files</Filter>
    </ClInclude>
    <ClInclude Include="..\..\public\tier1\utlvector.h">
      <Filter>Header Files</Filter>
    </ClInclude>
    <ClInclude Include="..\..\public\vcollide.h">
      <Filter>Header Files</Filter>
    </ClInclude>
    <ClInclude Include="..\..\public\mathlib\vector.h">
      <Filter>Header Files</Filter>
    </ClInclude>
    <ClInclude Include="..\..\public\mathlib\vector2d.h">
      <Filter>Header Files</Filter>
    </ClInclude>
    <ClInclude Include="vis.h">
      <Filter>Header Files</Filter>
    </ClInclude>
    <ClInclude Include="..\vmpi\vmpi_distribute_work.h">
      <Filter>Header Files</Filter>
    </ClInclude>
    <ClInclude Include="..\common\vmpi_tools_shared.h">
      <Filter>Header Files</Filter>
    </ClInclude>
    <ClInclude Include="..\..\public\vstdlib\vstdlib.h">
      <Filter>Header Files</Filter>
    </ClInclude>
    <ClInclude Include="..\..\public\wadtypes.h">
      <Filter>Header Files</Filter>
    </ClInclude>
  </ItemGroup>
  <ItemGroup>
    <Library Include="..\..\lib\public\mathlib.lib">
      <Filter>Link Libraries</Filter>
    </Library>
    <Library Include="..\..\lib\public\tier0.lib">
      <Filter>Link Libraries</Filter>
    </Library>
    <Library Include="..\..\lib\public\tier1.lib">
      <Filter>Link Libraries</Filter>
    </Library>
    <Library Include="..\..\lib\public\tier2.lib">
      <Filter>Link Libraries</Filter>
    </Library>
    <Library Include="..\..\lib\public\vmpi.lib">
      <Filter>Link Libraries</Filter>
    </Library>
    <Library Include="..\..\lib\public\vstdlib.lib">
      <Filter>Link Libraries</Filter>
    </Library>
  </ItemGroup>
</Project>